// !$*UTF8*$!
{
	archiveVersion = 1;
	classes = {
	};
	objectVersion = 46;
	objects = {

/* Begin PBXBuildFile section */
		042EBFE21CB2B40B00ABB5B6 /* CoreData.framework in Frameworks */ = {isa = PBXBuildFile; fileRef = 042EBFE11CB2B40B00ABB5B6 /* CoreData.framework */; };
		04441BC01CAC935700EFC4BC /* SpotDetailCell.m in Sources */ = {isa = PBXBuildFile; fileRef = 04441BBF1CAC935700EFC4BC /* SpotDetailCell.m */; };
		04441BC31CAC938A00EFC4BC /* SpotDetail.m in Sources */ = {isa = PBXBuildFile; fileRef = 04441BC21CAC938A00EFC4BC /* SpotDetail.m */; };
		0446C3E61CB6FE5800387824 /* ConnectionWrapper.m in Sources */ = {isa = PBXBuildFile; fileRef = 0446C3E31CB6FE5800387824 /* ConnectionWrapper.m */; };
		0446C3E71CB6FE5800387824 /* ParsingWrapper.m in Sources */ = {isa = PBXBuildFile; fileRef = 0446C3E51CB6FE5800387824 /* ParsingWrapper.m */; };
		0446C3EA1CBC648800387824 /* MapKit.framework in Frameworks */ = {isa = PBXBuildFile; fileRef = 0446C3E91CBC648800387824 /* MapKit.framework */; };
		0446C4161CC7457200387824 /* VisitedLocationsViewController.m in Sources */ = {isa = PBXBuildFile; fileRef = 0446C4151CC7457200387824 /* VisitedLocationsViewController.m */; };
		0446C41C1CC7482300387824 /* VisitedLocaitonTableViewCell.m in Sources */ = {isa = PBXBuildFile; fileRef = 0446C41B1CC7482300387824 /* VisitedLocaitonTableViewCell.m */; };
		0446C41F1CC7D71100387824 /* MapViewController.m in Sources */ = {isa = PBXBuildFile; fileRef = 0446C41E1CC7D71100387824 /* MapViewController.m */; };
		044F56E51CAC7883005F2A4D /* main.m in Sources */ = {isa = PBXBuildFile; fileRef = 044F56E41CAC7883005F2A4D /* main.m */; };
		044F56E81CAC7883005F2A4D /* AppDelegate.m in Sources */ = {isa = PBXBuildFile; fileRef = 044F56E71CAC7883005F2A4D /* AppDelegate.m */; };
		044F56EE1CAC7883005F2A4D /* Main.storyboard in Resources */ = {isa = PBXBuildFile; fileRef = 044F56EC1CAC7883005F2A4D /* Main.storyboard */; };
		044F56F11CAC7883005F2A4D /* WalkingDeadLocations.xcdatamodeld in Sources */ = {isa = PBXBuildFile; fileRef = 044F56EF1CAC7883005F2A4D /* WalkingDeadLocations.xcdatamodeld */; };
		044F56F31CAC7883005F2A4D /* Assets.xcassets in Resources */ = {isa = PBXBuildFile; fileRef = 044F56F21CAC7883005F2A4D /* Assets.xcassets */; };
		044F56F61CAC7883005F2A4D /* LaunchScreen.storyboard in Resources */ = {isa = PBXBuildFile; fileRef = 044F56F41CAC7883005F2A4D /* LaunchScreen.storyboard */; };
		044F57011CAC7884005F2A4D /* WalkingDeadLocationsTests.m in Sources */ = {isa = PBXBuildFile; fileRef = 044F57001CAC7884005F2A4D /* WalkingDeadLocationsTests.m */; };
		044F570C1CAC7884005F2A4D /* WalkingDeadLocationsUITests.m in Sources */ = {isa = PBXBuildFile; fileRef = 044F570B1CAC7884005F2A4D /* WalkingDeadLocationsUITests.m */; };
		048F62061CADAEC600864CE2 /* DataRetriever.m in Sources */ = {isa = PBXBuildFile; fileRef = 048F62051CADAEC600864CE2 /* DataRetriever.m */; };
		0498011A1CCA957500D768C9 /* DBLocation+CoreDataProperties.m in Sources */ = {isa = PBXBuildFile; fileRef = 049801171CCA957500D768C9 /* DBLocation+CoreDataProperties.m */; };
		0498011B1CCA957500D768C9 /* DBLocation.m in Sources */ = {isa = PBXBuildFile; fileRef = 049801191CCA957500D768C9 /* DBLocation.m */; };
		0498011E1CCABDB300D768C9 /* DataBaseWrapper.m in Sources */ = {isa = PBXBuildFile; fileRef = 0498011D1CCABDB300D768C9 /* DataBaseWrapper.m */; };
		04C512C91CC891250037473D /* CustomMKPointAnnotation.m in Sources */ = {isa = PBXBuildFile; fileRef = 04C512C81CC891250037473D /* CustomMKPointAnnotation.m */; };
		04C512CC1CC910520037473D /* GeofencingGenerator.m in Sources */ = {isa = PBXBuildFile; fileRef = 04C512CB1CC910520037473D /* GeofencingGenerator.m */; };
		04C512CF1CC911710037473D /* LocationSingleton.m in Sources */ = {isa = PBXBuildFile; fileRef = 04C512CE1CC911710037473D /* LocationSingleton.m */; };
		04C512D11CC917F50037473D /* CoreLocation.framework in Frameworks */ = {isa = PBXBuildFile; fileRef = 04C512D01CC917F50037473D /* CoreLocation.framework */; };
		04C512D41CC9B7280037473D /* Location.m in Sources */ = {isa = PBXBuildFile; fileRef = 04C512D31CC9B7280037473D /* Location.m */; };
		04C512D71CC9BAA60037473D /* GPSPoint.m in Sources */ = {isa = PBXBuildFile; fileRef = 04C512D61CC9BAA60037473D /* GPSPoint.m */; };
		04C513111CC9BED60037473D /* DBGPSPointPath+CoreDataProperties.m in Sources */ = {isa = PBXBuildFile; fileRef = 04C513081CC9BED60037473D /* DBGPSPointPath+CoreDataProperties.m */; };
		04C513121CC9BED60037473D /* DBGPSPointPath.m in Sources */ = {isa = PBXBuildFile; fileRef = 04C5130A1CC9BED60037473D /* DBGPSPointPath.m */; };
		04C513131CC9BED60037473D /* DBGPSPoint+CoreDataProperties.m in Sources */ = {isa = PBXBuildFile; fileRef = 04C5130C1CC9BED60037473D /* DBGPSPoint+CoreDataProperties.m */; };
		04C513141CC9BED60037473D /* DBGPSPoint.m in Sources */ = {isa = PBXBuildFile; fileRef = 04C5130E1CC9BED60037473D /* DBGPSPoint.m */; };
		04C513171CCA9D870037473D /* WDLCLRegion.m in Sources */ = {isa = PBXBuildFile; fileRef = 04C513161CCA9D870037473D /* WDLCLRegion.m */; };
		04DA04301CACA1D000DA871B /* SpotsList.m in Sources */ = {isa = PBXBuildFile; fileRef = 04DA042F1CACA1D000DA871B /* SpotsList.m */; };
/* End PBXBuildFile section */

/* Begin PBXContainerItemProxy section */
		044F56FD1CAC7884005F2A4D /* PBXContainerItemProxy */ = {
			isa = PBXContainerItemProxy;
			containerPortal = 044F56D81CAC7883005F2A4D /* Project object */;
			proxyType = 1;
			remoteGlobalIDString = 044F56DF1CAC7883005F2A4D;
			remoteInfo = WalkingDeadLocations;
		};
		044F57081CAC7884005F2A4D /* PBXContainerItemProxy */ = {
			isa = PBXContainerItemProxy;
			containerPortal = 044F56D81CAC7883005F2A4D /* Project object */;
			proxyType = 1;
			remoteGlobalIDString = 044F56DF1CAC7883005F2A4D;
			remoteInfo = WalkingDeadLocations;
		};
/* End PBXContainerItemProxy section */

/* Begin PBXFileReference section */
		042EBFE11CB2B40B00ABB5B6 /* CoreData.framework */ = {isa = PBXFileReference; lastKnownFileType = wrapper.framework; name = CoreData.framework; path = System/Library/Frameworks/CoreData.framework; sourceTree = SDKROOT; };
		04441BBE1CAC935700EFC4BC /* SpotDetailCell.h */ = {isa = PBXFileReference; fileEncoding = 4; lastKnownFileType = sourcecode.c.h; path = SpotDetailCell.h; sourceTree = "<group>"; };
		04441BBF1CAC935700EFC4BC /* SpotDetailCell.m */ = {isa = PBXFileReference; fileEncoding = 4; lastKnownFileType = sourcecode.c.objc; path = SpotDetailCell.m; sourceTree = "<group>"; };
		04441BC11CAC938A00EFC4BC /* SpotDetail.h */ = {isa = PBXFileReference; fileEncoding = 4; lastKnownFileType = sourcecode.c.h; path = SpotDetail.h; sourceTree = "<group>"; };
		04441BC21CAC938A00EFC4BC /* SpotDetail.m */ = {isa = PBXFileReference; fileEncoding = 4; lastKnownFileType = sourcecode.c.objc; path = SpotDetail.m; sourceTree = "<group>"; };
		0446C3E21CB6FE5800387824 /* ConnectionWrapper.h */ = {isa = PBXFileReference; fileEncoding = 4; lastKnownFileType = sourcecode.c.h; path = ConnectionWrapper.h; sourceTree = "<group>"; };
		0446C3E31CB6FE5800387824 /* ConnectionWrapper.m */ = {isa = PBXFileReference; fileEncoding = 4; lastKnownFileType = sourcecode.c.objc; path = ConnectionWrapper.m; sourceTree = "<group>"; };
		0446C3E41CB6FE5800387824 /* ParsingWrapper.h */ = {isa = PBXFileReference; fileEncoding = 4; lastKnownFileType = sourcecode.c.h; path = ParsingWrapper.h; sourceTree = "<group>"; };
		0446C3E51CB6FE5800387824 /* ParsingWrapper.m */ = {isa = PBXFileReference; fileEncoding = 4; lastKnownFileType = sourcecode.c.objc; path = ParsingWrapper.m; sourceTree = "<group>"; };
		0446C3E91CBC648800387824 /* MapKit.framework */ = {isa = PBXFileReference; lastKnownFileType = wrapper.framework; name = MapKit.framework; path = System/Library/Frameworks/MapKit.framework; sourceTree = SDKROOT; };
		0446C4141CC7457200387824 /* VisitedLocationsViewController.h */ = {isa = PBXFileReference; fileEncoding = 4; lastKnownFileType = sourcecode.c.h; path = VisitedLocationsViewController.h; sourceTree = "<group>"; };
		0446C4151CC7457200387824 /* VisitedLocationsViewController.m */ = {isa = PBXFileReference; fileEncoding = 4; lastKnownFileType = sourcecode.c.objc; path = VisitedLocationsViewController.m; sourceTree = "<group>"; };
		0446C41A1CC7482300387824 /* VisitedLocaitonTableViewCell.h */ = {isa = PBXFileReference; fileEncoding = 4; lastKnownFileType = sourcecode.c.h; path = VisitedLocaitonTableViewCell.h; sourceTree = "<group>"; };
		0446C41B1CC7482300387824 /* VisitedLocaitonTableViewCell.m */ = {isa = PBXFileReference; fileEncoding = 4; lastKnownFileType = sourcecode.c.objc; path = VisitedLocaitonTableViewCell.m; sourceTree = "<group>"; };
		0446C41D1CC7D71100387824 /* MapViewController.h */ = {isa = PBXFileReference; fileEncoding = 4; lastKnownFileType = sourcecode.c.h; path = MapViewController.h; sourceTree = "<group>"; };
		0446C41E1CC7D71100387824 /* MapViewController.m */ = {isa = PBXFileReference; fileEncoding = 4; lastKnownFileType = sourcecode.c.objc; path = MapViewController.m; sourceTree = "<group>"; };
		044F56E01CAC7883005F2A4D /* WalkingDeadLocations.app */ = {isa = PBXFileReference; explicitFileType = wrapper.application; includeInIndex = 0; path = WalkingDeadLocations.app; sourceTree = BUILT_PRODUCTS_DIR; };
		044F56E41CAC7883005F2A4D /* main.m */ = {isa = PBXFileReference; lastKnownFileType = sourcecode.c.objc; path = main.m; sourceTree = "<group>"; };
		044F56E61CAC7883005F2A4D /* AppDelegate.h */ = {isa = PBXFileReference; lastKnownFileType = sourcecode.c.h; path = AppDelegate.h; sourceTree = "<group>"; };
		044F56E71CAC7883005F2A4D /* AppDelegate.m */ = {isa = PBXFileReference; lastKnownFileType = sourcecode.c.objc; path = AppDelegate.m; sourceTree = "<group>"; };
		044F56ED1CAC7883005F2A4D /* Base */ = {isa = PBXFileReference; lastKnownFileType = file.storyboard; name = Base; path = Base.lproj/Main.storyboard; sourceTree = "<group>"; };
		044F56F01CAC7883005F2A4D /* WalkingDeadLocations.xcdatamodel */ = {isa = PBXFileReference; lastKnownFileType = wrapper.xcdatamodel; path = WalkingDeadLocations.xcdatamodel; sourceTree = "<group>"; };
		044F56F21CAC7883005F2A4D /* Assets.xcassets */ = {isa = PBXFileReference; lastKnownFileType = folder.assetcatalog; path = Assets.xcassets; sourceTree = "<group>"; };
		044F56F51CAC7883005F2A4D /* Base */ = {isa = PBXFileReference; lastKnownFileType = file.storyboard; name = Base; path = Base.lproj/LaunchScreen.storyboard; sourceTree = "<group>"; };
		044F56F71CAC7883005F2A4D /* Info.plist */ = {isa = PBXFileReference; lastKnownFileType = text.plist.xml; path = Info.plist; sourceTree = "<group>"; };
		044F56FC1CAC7884005F2A4D /* WalkingDeadLocationsTests.xctest */ = {isa = PBXFileReference; explicitFileType = wrapper.cfbundle; includeInIndex = 0; path = WalkingDeadLocationsTests.xctest; sourceTree = BUILT_PRODUCTS_DIR; };
		044F57001CAC7884005F2A4D /* WalkingDeadLocationsTests.m */ = {isa = PBXFileReference; lastKnownFileType = sourcecode.c.objc; path = WalkingDeadLocationsTests.m; sourceTree = "<group>"; };
		044F57021CAC7884005F2A4D /* Info.plist */ = {isa = PBXFileReference; lastKnownFileType = text.plist.xml; path = Info.plist; sourceTree = "<group>"; };
		044F57071CAC7884005F2A4D /* WalkingDeadLocationsUITests.xctest */ = {isa = PBXFileReference; explicitFileType = wrapper.cfbundle; includeInIndex = 0; path = WalkingDeadLocationsUITests.xctest; sourceTree = BUILT_PRODUCTS_DIR; };
		044F570B1CAC7884005F2A4D /* WalkingDeadLocationsUITests.m */ = {isa = PBXFileReference; lastKnownFileType = sourcecode.c.objc; path = WalkingDeadLocationsUITests.m; sourceTree = "<group>"; };
		044F570D1CAC7884005F2A4D /* Info.plist */ = {isa = PBXFileReference; lastKnownFileType = text.plist.xml; path = Info.plist; sourceTree = "<group>"; };
		048F62041CADAEC600864CE2 /* DataRetriever.h */ = {isa = PBXFileReference; fileEncoding = 4; lastKnownFileType = sourcecode.c.h; path = DataRetriever.h; sourceTree = "<group>"; };
		048F62051CADAEC600864CE2 /* DataRetriever.m */ = {isa = PBXFileReference; fileEncoding = 4; lastKnownFileType = sourcecode.c.objc; path = DataRetriever.m; sourceTree = "<group>"; };
		049801161CCA957500D768C9 /* DBLocation+CoreDataProperties.h */ = {isa = PBXFileReference; fileEncoding = 4; lastKnownFileType = sourcecode.c.h; path = "DBLocation+CoreDataProperties.h"; sourceTree = "<group>"; };
		049801171CCA957500D768C9 /* DBLocation+CoreDataProperties.m */ = {isa = PBXFileReference; fileEncoding = 4; lastKnownFileType = sourcecode.c.objc; path = "DBLocation+CoreDataProperties.m"; sourceTree = "<group>"; };
		049801181CCA957500D768C9 /* DBLocation.h */ = {isa = PBXFileReference; fileEncoding = 4; lastKnownFileType = sourcecode.c.h; path = DBLocation.h; sourceTree = "<group>"; };
		049801191CCA957500D768C9 /* DBLocation.m */ = {isa = PBXFileReference; fileEncoding = 4; lastKnownFileType = sourcecode.c.objc; path = DBLocation.m; sourceTree = "<group>"; };
		0498011C1CCABDB300D768C9 /* DataBaseWrapper.h */ = {isa = PBXFileReference; fileEncoding = 4; lastKnownFileType = sourcecode.c.h; path = DataBaseWrapper.h; sourceTree = "<group>"; };
		0498011D1CCABDB300D768C9 /* DataBaseWrapper.m */ = {isa = PBXFileReference; fileEncoding = 4; lastKnownFileType = sourcecode.c.objc; path = DataBaseWrapper.m; sourceTree = "<group>"; };
		04C512C71CC891250037473D /* CustomMKPointAnnotation.h */ = {isa = PBXFileReference; fileEncoding = 4; lastKnownFileType = sourcecode.c.h; path = CustomMKPointAnnotation.h; sourceTree = "<group>"; };
		04C512C81CC891250037473D /* CustomMKPointAnnotation.m */ = {isa = PBXFileReference; fileEncoding = 4; lastKnownFileType = sourcecode.c.objc; path = CustomMKPointAnnotation.m; sourceTree = "<group>"; };
		04C512CA1CC910520037473D /* GeofencingGenerator.h */ = {isa = PBXFileReference; fileEncoding = 4; lastKnownFileType = sourcecode.c.h; path = GeofencingGenerator.h; sourceTree = "<group>"; };
		04C512CB1CC910520037473D /* GeofencingGenerator.m */ = {isa = PBXFileReference; fileEncoding = 4; lastKnownFileType = sourcecode.c.objc; path = GeofencingGenerator.m; sourceTree = "<group>"; };
		04C512CD1CC911710037473D /* LocationSingleton.h */ = {isa = PBXFileReference; fileEncoding = 4; lastKnownFileType = sourcecode.c.h; path = LocationSingleton.h; sourceTree = "<group>"; };
		04C512CE1CC911710037473D /* LocationSingleton.m */ = {isa = PBXFileReference; fileEncoding = 4; lastKnownFileType = sourcecode.c.objc; path = LocationSingleton.m; sourceTree = "<group>"; };
		04C512D01CC917F50037473D /* CoreLocation.framework */ = {isa = PBXFileReference; lastKnownFileType = wrapper.framework; name = CoreLocation.framework; path = System/Library/Frameworks/CoreLocation.framework; sourceTree = SDKROOT; };
		04C512D21CC9B7280037473D /* Location.h */ = {isa = PBXFileReference; fileEncoding = 4; lastKnownFileType = sourcecode.c.h; path = Location.h; sourceTree = "<group>"; };
		04C512D31CC9B7280037473D /* Location.m */ = {isa = PBXFileReference; fileEncoding = 4; lastKnownFileType = sourcecode.c.objc; path = Location.m; sourceTree = "<group>"; };
		04C512D51CC9BAA60037473D /* GPSPoint.h */ = {isa = PBXFileReference; fileEncoding = 4; lastKnownFileType = sourcecode.c.h; path = GPSPoint.h; sourceTree = "<group>"; };
		04C512D61CC9BAA60037473D /* GPSPoint.m */ = {isa = PBXFileReference; fileEncoding = 4; lastKnownFileType = sourcecode.c.objc; path = GPSPoint.m; sourceTree = "<group>"; };
		04C513071CC9BED60037473D /* DBGPSPointPath+CoreDataProperties.h */ = {isa = PBXFileReference; fileEncoding = 4; lastKnownFileType = sourcecode.c.h; path = "DBGPSPointPath+CoreDataProperties.h"; sourceTree = "<group>"; };
		04C513081CC9BED60037473D /* DBGPSPointPath+CoreDataProperties.m */ = {isa = PBXFileReference; fileEncoding = 4; lastKnownFileType = sourcecode.c.objc; path = "DBGPSPointPath+CoreDataProperties.m"; sourceTree = "<group>"; };
		04C513091CC9BED60037473D /* DBGPSPointPath.h */ = {isa = PBXFileReference; fileEncoding = 4; lastKnownFileType = sourcecode.c.h; path = DBGPSPointPath.h; sourceTree = "<group>"; };
		04C5130A1CC9BED60037473D /* DBGPSPointPath.m */ = {isa = PBXFileReference; fileEncoding = 4; lastKnownFileType = sourcecode.c.objc; path = DBGPSPointPath.m; sourceTree = "<group>"; };
		04C5130B1CC9BED60037473D /* DBGPSPoint+CoreDataProperties.h */ = {isa = PBXFileReference; fileEncoding = 4; lastKnownFileType = sourcecode.c.h; path = "DBGPSPoint+CoreDataProperties.h"; sourceTree = "<group>"; };
		04C5130C1CC9BED60037473D /* DBGPSPoint+CoreDataProperties.m */ = {isa = PBXFileReference; fileEncoding = 4; lastKnownFileType = sourcecode.c.objc; path = "DBGPSPoint+CoreDataProperties.m"; sourceTree = "<group>"; };
		04C5130D1CC9BED60037473D /* DBGPSPoint.h */ = {isa = PBXFileReference; fileEncoding = 4; lastKnownFileType = sourcecode.c.h; path = DBGPSPoint.h; sourceTree = "<group>"; };
		04C5130E1CC9BED60037473D /* DBGPSPoint.m */ = {isa = PBXFileReference; fileEncoding = 4; lastKnownFileType = sourcecode.c.objc; path = DBGPSPoint.m; sourceTree = "<group>"; };
		04C513151CCA9D870037473D /* WDLCLRegion.h */ = {isa = PBXFileReference; fileEncoding = 4; lastKnownFileType = sourcecode.c.h; path = WDLCLRegion.h; sourceTree = "<group>"; };
		04C513161CCA9D870037473D /* WDLCLRegion.m */ = {isa = PBXFileReference; fileEncoding = 4; lastKnownFileType = sourcecode.c.objc; path = WDLCLRegion.m; sourceTree = "<group>"; };
		04C513181CCADFF20037473D /* TravelToCDC.gpx */ = {isa = PBXFileReference; lastKnownFileType = text.xml; path = TravelToCDC.gpx; sourceTree = "<group>"; };
		04DA042E1CACA1D000DA871B /* SpotsList.h */ = {isa = PBXFileReference; fileEncoding = 4; lastKnownFileType = sourcecode.c.h; path = SpotsList.h; sourceTree = "<group>"; };
		04DA042F1CACA1D000DA871B /* SpotsList.m */ = {isa = PBXFileReference; fileEncoding = 4; lastKnownFileType = sourcecode.c.objc; path = SpotsList.m; sourceTree = "<group>"; };
/* End PBXFileReference section */

/* Begin PBXFrameworksBuildPhase section */
		044F56DD1CAC7883005F2A4D /* Frameworks */ = {
			isa = PBXFrameworksBuildPhase;
			buildActionMask = 2147483647;
			files = (
				04C512D11CC917F50037473D /* CoreLocation.framework in Frameworks */,
				0446C3EA1CBC648800387824 /* MapKit.framework in Frameworks */,
				042EBFE21CB2B40B00ABB5B6 /* CoreData.framework in Frameworks */,
			);
			runOnlyForDeploymentPostprocessing = 0;
		};
		044F56F91CAC7884005F2A4D /* Frameworks */ = {
			isa = PBXFrameworksBuildPhase;
			buildActionMask = 2147483647;
			files = (
			);
			runOnlyForDeploymentPostprocessing = 0;
		};
		044F57041CAC7884005F2A4D /* Frameworks */ = {
			isa = PBXFrameworksBuildPhase;
			buildActionMask = 2147483647;
			files = (
			);
			runOnlyForDeploymentPostprocessing = 0;
		};
/* End PBXFrameworksBuildPhase section */

/* Begin PBXGroup section */
		04441BB91CAC8AA600EFC4BC /* View */ = {
			isa = PBXGroup;
			children = (
				044F56EC1CAC7883005F2A4D /* Main.storyboard */,
				044F56F41CAC7883005F2A4D /* LaunchScreen.storyboard */,
			);
			name = View;
			sourceTree = "<group>";
		};
		04441BBA1CAC8AC100EFC4BC /* Controller */ = {
			isa = PBXGroup;
			children = (
				0446C3E81CB6FE6200387824 /* ParserClasses */,
				044F56E61CAC7883005F2A4D /* AppDelegate.h */,
				044F56E71CAC7883005F2A4D /* AppDelegate.m */,
				0446C4171CC7458200387824 /* SpotsList */,
				0446C4181CC7459300387824 /* VisitedLocations */,
				0446C4191CC745B200387824 /* LocationsMap */,
				048F62041CADAEC600864CE2 /* DataRetriever.h */,
				048F62051CADAEC600864CE2 /* DataRetriever.m */,
				04C512CA1CC910520037473D /* GeofencingGenerator.h */,
				04C512CB1CC910520037473D /* GeofencingGenerator.m */,
				04C512CD1CC911710037473D /* LocationSingleton.h */,
				04C512CE1CC911710037473D /* LocationSingleton.m */,
			);
			name = Controller;
			sourceTree = "<group>";
		};
		04441BC41CAC999A00EFC4BC /* Model */ = {
			isa = PBXGroup;
			children = (
				04C512D81CC9BAAB0037473D /* ManagedObjects */,
				04C512D51CC9BAA60037473D /* GPSPoint.h */,
				04C512D61CC9BAA60037473D /* GPSPoint.m */,
				04C512D21CC9B7280037473D /* Location.h */,
				04C512D31CC9B7280037473D /* Location.m */,
				044F56EF1CAC7883005F2A4D /* WalkingDeadLocations.xcdatamodeld */,
			);
			name = Model;
			sourceTree = "<group>";
		};
		0446C3E81CB6FE6200387824 /* ParserClasses */ = {
			isa = PBXGroup;
			children = (
				0446C3E21CB6FE5800387824 /* ConnectionWrapper.h */,
				0446C3E31CB6FE5800387824 /* ConnectionWrapper.m */,
				0446C3E41CB6FE5800387824 /* ParsingWrapper.h */,
				0446C3E51CB6FE5800387824 /* ParsingWrapper.m */,
				0498011C1CCABDB300D768C9 /* DataBaseWrapper.h */,
				0498011D1CCABDB300D768C9 /* DataBaseWrapper.m */,
			);
			name = ParserClasses;
			sourceTree = "<group>";
		};
		0446C4171CC7458200387824 /* SpotsList */ = {
			isa = PBXGroup;
			children = (
				04441BC11CAC938A00EFC4BC /* SpotDetail.h */,
				04441BC21CAC938A00EFC4BC /* SpotDetail.m */,
				04441BBE1CAC935700EFC4BC /* SpotDetailCell.h */,
				04441BBF1CAC935700EFC4BC /* SpotDetailCell.m */,
				04DA042E1CACA1D000DA871B /* SpotsList.h */,
				04DA042F1CACA1D000DA871B /* SpotsList.m */,
			);
			name = SpotsList;
			sourceTree = "<group>";
		};
		0446C4181CC7459300387824 /* VisitedLocations */ = {
			isa = PBXGroup;
			children = (
				0446C4141CC7457200387824 /* VisitedLocationsViewController.h */,
				0446C4151CC7457200387824 /* VisitedLocationsViewController.m */,
				0446C41A1CC7482300387824 /* VisitedLocaitonTableViewCell.h */,
				0446C41B1CC7482300387824 /* VisitedLocaitonTableViewCell.m */,
			);
			name = VisitedLocations;
			sourceTree = "<group>";
		};
		0446C4191CC745B200387824 /* LocationsMap */ = {
			isa = PBXGroup;
			children = (
				0446C41D1CC7D71100387824 /* MapViewController.h */,
				0446C41E1CC7D71100387824 /* MapViewController.m */,
				04C512C71CC891250037473D /* CustomMKPointAnnotation.h */,
				04C512C81CC891250037473D /* CustomMKPointAnnotation.m */,
			);
			name = LocationsMap;
			sourceTree = "<group>";
		};
		044F56D71CAC7883005F2A4D = {
			isa = PBXGroup;
			children = (
				049801161CCA957500D768C9 /* DBLocation+CoreDataProperties.h */,
				049801171CCA957500D768C9 /* DBLocation+CoreDataProperties.m */,
				049801181CCA957500D768C9 /* DBLocation.h */,
				049801191CCA957500D768C9 /* DBLocation.m */,
				04C513071CC9BED60037473D /* DBGPSPointPath+CoreDataProperties.h */,
				04C513081CC9BED60037473D /* DBGPSPointPath+CoreDataProperties.m */,
				04C513091CC9BED60037473D /* DBGPSPointPath.h */,
				04C5130A1CC9BED60037473D /* DBGPSPointPath.m */,
				04C5130B1CC9BED60037473D /* DBGPSPoint+CoreDataProperties.h */,
				04C5130C1CC9BED60037473D /* DBGPSPoint+CoreDataProperties.m */,
				04C5130D1CC9BED60037473D /* DBGPSPoint.h */,
				04C5130E1CC9BED60037473D /* DBGPSPoint.m */,
				04C512D01CC917F50037473D /* CoreLocation.framework */,
				0446C3E91CBC648800387824 /* MapKit.framework */,
				042EBFE11CB2B40B00ABB5B6 /* CoreData.framework */,
				044F56E21CAC7883005F2A4D /* WalkingDeadLocations */,
				044F56FF1CAC7884005F2A4D /* WalkingDeadLocationsTests */,
				044F570A1CAC7884005F2A4D /* WalkingDeadLocationsUITests */,
				044F56E11CAC7883005F2A4D /* Products */,
			);
			sourceTree = "<group>";
		};
		044F56E11CAC7883005F2A4D /* Products */ = {
			isa = PBXGroup;
			children = (
				044F56E01CAC7883005F2A4D /* WalkingDeadLocations.app */,
				044F56FC1CAC7884005F2A4D /* WalkingDeadLocationsTests.xctest */,
				044F57071CAC7884005F2A4D /* WalkingDeadLocationsUITests.xctest */,
			);
			name = Products;
			sourceTree = "<group>";
		};
		044F56E21CAC7883005F2A4D /* WalkingDeadLocations */ = {
			isa = PBXGroup;
			children = (
				04441BC41CAC999A00EFC4BC /* Model */,
				04441BBA1CAC8AC100EFC4BC /* Controller */,
				04441BB91CAC8AA600EFC4BC /* View */,
				044F56F21CAC7883005F2A4D /* Assets.xcassets */,
				044F56E31CAC7883005F2A4D /* Supporting Files */,
			);
			path = WalkingDeadLocations;
			sourceTree = "<group>";
		};
		044F56E31CAC7883005F2A4D /* Supporting Files */ = {
			isa = PBXGroup;
			children = (
				044F56F71CAC7883005F2A4D /* Info.plist */,
				044F56E41CAC7883005F2A4D /* main.m */,
				04C513151CCA9D870037473D /* WDLCLRegion.h */,
				04C513161CCA9D870037473D /* WDLCLRegion.m */,
				04C513181CCADFF20037473D /* TravelToCDC.gpx */,
			);
			name = "Supporting Files";
			sourceTree = "<group>";
		};
		044F56FF1CAC7884005F2A4D /* WalkingDeadLocationsTests */ = {
			isa = PBXGroup;
			children = (
				044F57001CAC7884005F2A4D /* WalkingDeadLocationsTests.m */,
				044F57021CAC7884005F2A4D /* Info.plist */,
			);
			path = WalkingDeadLocationsTests;
			sourceTree = "<group>";
		};
		044F570A1CAC7884005F2A4D /* WalkingDeadLocationsUITests */ = {
			isa = PBXGroup;
			children = (
				044F570B1CAC7884005F2A4D /* WalkingDeadLocationsUITests.m */,
				044F570D1CAC7884005F2A4D /* Info.plist */,
			);
			path = WalkingDeadLocationsUITests;
			sourceTree = "<group>";
		};
		04C512D81CC9BAAB0037473D /* ManagedObjects */ = {
			isa = PBXGroup;
			children = (
			);
			name = ManagedObjects;
			sourceTree = "<group>";
		};
/* End PBXGroup section */

/* Begin PBXNativeTarget section */
		044F56DF1CAC7883005F2A4D /* WalkingDeadLocations */ = {
			isa = PBXNativeTarget;
			buildConfigurationList = 044F57101CAC7884005F2A4D /* Build configuration list for PBXNativeTarget "WalkingDeadLocations" */;
			buildPhases = (
				044F56DC1CAC7883005F2A4D /* Sources */,
				044F56DD1CAC7883005F2A4D /* Frameworks */,
				044F56DE1CAC7883005F2A4D /* Resources */,
			);
			buildRules = (
			);
			dependencies = (
			);
			name = WalkingDeadLocations;
			productName = WalkingDeadLocations;
			productReference = 044F56E01CAC7883005F2A4D /* WalkingDeadLocations.app */;
			productType = "com.apple.product-type.application";
		};
		044F56FB1CAC7884005F2A4D /* WalkingDeadLocationsTests */ = {
			isa = PBXNativeTarget;
			buildConfigurationList = 044F57131CAC7884005F2A4D /* Build configuration list for PBXNativeTarget "WalkingDeadLocationsTests" */;
			buildPhases = (
				044F56F81CAC7884005F2A4D /* Sources */,
				044F56F91CAC7884005F2A4D /* Frameworks */,
				044F56FA1CAC7884005F2A4D /* Resources */,
			);
			buildRules = (
			);
			dependencies = (
				044F56FE1CAC7884005F2A4D /* PBXTargetDependency */,
			);
			name = WalkingDeadLocationsTests;
			productName = WalkingDeadLocationsTests;
			productReference = 044F56FC1CAC7884005F2A4D /* WalkingDeadLocationsTests.xctest */;
			productType = "com.apple.product-type.bundle.unit-test";
		};
		044F57061CAC7884005F2A4D /* WalkingDeadLocationsUITests */ = {
			isa = PBXNativeTarget;
			buildConfigurationList = 044F57161CAC7884005F2A4D /* Build configuration list for PBXNativeTarget "WalkingDeadLocationsUITests" */;
			buildPhases = (
				044F57031CAC7884005F2A4D /* Sources */,
				044F57041CAC7884005F2A4D /* Frameworks */,
				044F57051CAC7884005F2A4D /* Resources */,
			);
			buildRules = (
			);
			dependencies = (
				044F57091CAC7884005F2A4D /* PBXTargetDependency */,
			);
			name = WalkingDeadLocationsUITests;
			productName = WalkingDeadLocationsUITests;
			productReference = 044F57071CAC7884005F2A4D /* WalkingDeadLocationsUITests.xctest */;
			productType = "com.apple.product-type.bundle.ui-testing";
		};
/* End PBXNativeTarget section */

/* Begin PBXProject section */
		044F56D81CAC7883005F2A4D /* Project object */ = {
			isa = PBXProject;
			attributes = {
				LastUpgradeCheck = 0730;
				ORGANIZATIONNAME = MCS;
				TargetAttributes = {
					044F56DF1CAC7883005F2A4D = {
						CreatedOnToolsVersion = 7.3;
						DevelopmentTeam = 4R7NQNPHNC;
						SystemCapabilities = {
							com.apple.Maps.iOS = {
								enabled = 1;
							};
						};
					};
					044F56FB1CAC7884005F2A4D = {
						CreatedOnToolsVersion = 7.3;
						TestTargetID = 044F56DF1CAC7883005F2A4D;
					};
					044F57061CAC7884005F2A4D = {
						CreatedOnToolsVersion = 7.3;
						TestTargetID = 044F56DF1CAC7883005F2A4D;
					};
				};
			};
			buildConfigurationList = 044F56DB1CAC7883005F2A4D /* Build configuration list for PBXProject "WalkingDeadLocations" */;
			compatibilityVersion = "Xcode 3.2";
			developmentRegion = English;
			hasScannedForEncodings = 0;
			knownRegions = (
				en,
				Base,
			);
			mainGroup = 044F56D71CAC7883005F2A4D;
			productRefGroup = 044F56E11CAC7883005F2A4D /* Products */;
			projectDirPath = "";
			projectRoot = "";
			targets = (
				044F56DF1CAC7883005F2A4D /* WalkingDeadLocations */,
				044F56FB1CAC7884005F2A4D /* WalkingDeadLocationsTests */,
				044F57061CAC7884005F2A4D /* WalkingDeadLocationsUITests */,
			);
		};
/* End PBXProject section */

/* Begin PBXResourcesBuildPhase section */
		044F56DE1CAC7883005F2A4D /* Resources */ = {
			isa = PBXResourcesBuildPhase;
			buildActionMask = 2147483647;
			files = (
				044F56F61CAC7883005F2A4D /* LaunchScreen.storyboard in Resources */,
				044F56F31CAC7883005F2A4D /* Assets.xcassets in Resources */,
				044F56EE1CAC7883005F2A4D /* Main.storyboard in Resources */,
			);
			runOnlyForDeploymentPostprocessing = 0;
		};
		044F56FA1CAC7884005F2A4D /* Resources */ = {
			isa = PBXResourcesBuildPhase;
			buildActionMask = 2147483647;
			files = (
			);
			runOnlyForDeploymentPostprocessing = 0;
		};
		044F57051CAC7884005F2A4D /* Resources */ = {
			isa = PBXResourcesBuildPhase;
			buildActionMask = 2147483647;
			files = (
			);
			runOnlyForDeploymentPostprocessing = 0;
		};
/* End PBXResourcesBuildPhase section */

/* Begin PBXSourcesBuildPhase section */
		044F56DC1CAC7883005F2A4D /* Sources */ = {
			isa = PBXSourcesBuildPhase;
			buildActionMask = 2147483647;
			files = (
				04441BC01CAC935700EFC4BC /* SpotDetailCell.m in Sources */,
				04C513121CC9BED60037473D /* DBGPSPointPath.m in Sources */,
				0498011B1CCA957500D768C9 /* DBLocation.m in Sources */,
				04C512C91CC891250037473D /* CustomMKPointAnnotation.m in Sources */,
				0446C3E61CB6FE5800387824 /* ConnectionWrapper.m in Sources */,
				0498011A1CCA957500D768C9 /* DBLocation+CoreDataProperties.m in Sources */,
				04C513111CC9BED60037473D /* DBGPSPointPath+CoreDataProperties.m in Sources */,
				04C512D41CC9B7280037473D /* Location.m in Sources */,
				044F56F11CAC7883005F2A4D /* WalkingDeadLocations.xcdatamodeld in Sources */,
				04441BC31CAC938A00EFC4BC /* SpotDetail.m in Sources */,
				0446C3E71CB6FE5800387824 /* ParsingWrapper.m in Sources */,
				04C513171CCA9D870037473D /* WDLCLRegion.m in Sources */,
				04DA04301CACA1D000DA871B /* SpotsList.m in Sources */,
				04C512D71CC9BAA60037473D /* GPSPoint.m in Sources */,
				04C513131CC9BED60037473D /* DBGPSPoint+CoreDataProperties.m in Sources */,
				04C512CF1CC911710037473D /* LocationSingleton.m in Sources */,
				0446C4161CC7457200387824 /* VisitedLocationsViewController.m in Sources */,
				044F56E81CAC7883005F2A4D /* AppDelegate.m in Sources */,
				0446C41C1CC7482300387824 /* VisitedLocaitonTableViewCell.m in Sources */,
				0498011E1CCABDB300D768C9 /* DataBaseWrapper.m in Sources */,
				04C512CC1CC910520037473D /* GeofencingGenerator.m in Sources */,
				04C513141CC9BED60037473D /* DBGPSPoint.m in Sources */,
				044F56E51CAC7883005F2A4D /* main.m in Sources */,
				048F62061CADAEC600864CE2 /* DataRetriever.m in Sources */,
				0446C41F1CC7D71100387824 /* MapViewController.m in Sources */,
			);
			runOnlyForDeploymentPostprocessing = 0;
		};
		044F56F81CAC7884005F2A4D /* Sources */ = {
			isa = PBXSourcesBuildPhase;
			buildActionMask = 2147483647;
			files = (
				044F57011CAC7884005F2A4D /* WalkingDeadLocationsTests.m in Sources */,
			);
			runOnlyForDeploymentPostprocessing = 0;
		};
		044F57031CAC7884005F2A4D /* Sources */ = {
			isa = PBXSourcesBuildPhase;
			buildActionMask = 2147483647;
			files = (
				044F570C1CAC7884005F2A4D /* WalkingDeadLocationsUITests.m in Sources */,
			);
			runOnlyForDeploymentPostprocessing = 0;
		};
/* End PBXSourcesBuildPhase section */

/* Begin PBXTargetDependency section */
		044F56FE1CAC7884005F2A4D /* PBXTargetDependency */ = {
			isa = PBXTargetDependency;
			target = 044F56DF1CAC7883005F2A4D /* WalkingDeadLocations */;
			targetProxy = 044F56FD1CAC7884005F2A4D /* PBXContainerItemProxy */;
		};
		044F57091CAC7884005F2A4D /* PBXTargetDependency */ = {
			isa = PBXTargetDependency;
			target = 044F56DF1CAC7883005F2A4D /* WalkingDeadLocations */;
			targetProxy = 044F57081CAC7884005F2A4D /* PBXContainerItemProxy */;
		};
/* End PBXTargetDependency section */

/* Begin PBXVariantGroup section */
		044F56EC1CAC7883005F2A4D /* Main.storyboard */ = {
			isa = PBXVariantGroup;
			children = (
				044F56ED1CAC7883005F2A4D /* Base */,
			);
			name = Main.storyboard;
			sourceTree = "<group>";
		};
		044F56F41CAC7883005F2A4D /* LaunchScreen.storyboard */ = {
			isa = PBXVariantGroup;
			children = (
				044F56F51CAC7883005F2A4D /* Base */,
			);
			name = LaunchScreen.storyboard;
			sourceTree = "<group>";
		};
/* End PBXVariantGroup section */

/* Begin XCBuildConfiguration section */
		044F570E1CAC7884005F2A4D /* Debug */ = {
			isa = XCBuildConfiguration;
			buildSettings = {
				ALWAYS_SEARCH_USER_PATHS = NO;
				CLANG_ANALYZER_NONNULL = YES;
				CLANG_CXX_LANGUAGE_STANDARD = "gnu++0x";
				CLANG_CXX_LIBRARY = "libc++";
				CLANG_ENABLE_MODULES = YES;
				CLANG_ENABLE_OBJC_ARC = YES;
				CLANG_WARN_BOOL_CONVERSION = YES;
				CLANG_WARN_CONSTANT_CONVERSION = YES;
				CLANG_WARN_DIRECT_OBJC_ISA_USAGE = YES_ERROR;
				CLANG_WARN_EMPTY_BODY = YES;
				CLANG_WARN_ENUM_CONVERSION = YES;
				CLANG_WARN_INT_CONVERSION = YES;
				CLANG_WARN_OBJC_ROOT_CLASS = YES_ERROR;
				CLANG_WARN_UNREACHABLE_CODE = YES;
				CLANG_WARN__DUPLICATE_METHOD_MATCH = YES;
				"CODE_SIGN_IDENTITY[sdk=iphoneos*]" = "iPhone Developer";
				COPY_PHASE_STRIP = NO;
				DEBUG_INFORMATION_FORMAT = dwarf;
				ENABLE_STRICT_OBJC_MSGSEND = YES;
				ENABLE_TESTABILITY = YES;
				GCC_C_LANGUAGE_STANDARD = gnu99;
				GCC_DYNAMIC_NO_PIC = NO;
				GCC_NO_COMMON_BLOCKS = YES;
				GCC_OPTIMIZATION_LEVEL = 0;
				GCC_PREPROCESSOR_DEFINITIONS = (
					"DEBUG=1",
					"$(inherited)",
				);
				GCC_WARN_64_TO_32_BIT_CONVERSION = YES;
				GCC_WARN_ABOUT_RETURN_TYPE = YES_ERROR;
				GCC_WARN_UNDECLARED_SELECTOR = YES;
				GCC_WARN_UNINITIALIZED_AUTOS = YES_AGGRESSIVE;
				GCC_WARN_UNUSED_FUNCTION = YES;
				GCC_WARN_UNUSED_VARIABLE = YES;
				IPHONEOS_DEPLOYMENT_TARGET = 9.3;
				MTL_ENABLE_DEBUG_INFO = YES;
				ONLY_ACTIVE_ARCH = YES;
				SDKROOT = iphoneos;
				TARGETED_DEVICE_FAMILY = "1,2";
			};
			name = Debug;
		};
		044F570F1CAC7884005F2A4D /* Release */ = {
			isa = XCBuildConfiguration;
			buildSettings = {
				ALWAYS_SEARCH_USER_PATHS = NO;
				CLANG_ANALYZER_NONNULL = YES;
				CLANG_CXX_LANGUAGE_STANDARD = "gnu++0x";
				CLANG_CXX_LIBRARY = "libc++";
				CLANG_ENABLE_MODULES = YES;
				CLANG_ENABLE_OBJC_ARC = YES;
				CLANG_WARN_BOOL_CONVERSION = YES;
				CLANG_WARN_CONSTANT_CONVERSION = YES;
				CLANG_WARN_DIRECT_OBJC_ISA_USAGE = YES_ERROR;
				CLANG_WARN_EMPTY_BODY = YES;
				CLANG_WARN_ENUM_CONVERSION = YES;
				CLANG_WARN_INT_CONVERSION = YES;
				CLANG_WARN_OBJC_ROOT_CLASS = YES_ERROR;
				CLANG_WARN_UNREACHABLE_CODE = YES;
				CLANG_WARN__DUPLICATE_METHOD_MATCH = YES;
				"CODE_SIGN_IDENTITY[sdk=iphoneos*]" = "iPhone Developer";
				COPY_PHASE_STRIP = NO;
				DEBUG_INFORMATION_FORMAT = "dwarf-with-dsym";
				ENABLE_NS_ASSERTIONS = NO;
				ENABLE_STRICT_OBJC_MSGSEND = YES;
				GCC_C_LANGUAGE_STANDARD = gnu99;
				GCC_NO_COMMON_BLOCKS = YES;
				GCC_WARN_64_TO_32_BIT_CONVERSION = YES;
				GCC_WARN_ABOUT_RETURN_TYPE = YES_ERROR;
				GCC_WARN_UNDECLARED_SELECTOR = YES;
				GCC_WARN_UNINITIALIZED_AUTOS = YES_AGGRESSIVE;
				GCC_WARN_UNUSED_FUNCTION = YES;
				GCC_WARN_UNUSED_VARIABLE = YES;
				IPHONEOS_DEPLOYMENT_TARGET = 9.3;
				MTL_ENABLE_DEBUG_INFO = NO;
				SDKROOT = iphoneos;
				TARGETED_DEVICE_FAMILY = "1,2";
				VALIDATE_PRODUCT = YES;
			};
			name = Release;
		};
		044F57111CAC7884005F2A4D /* Debug */ = {
			isa = XCBuildConfiguration;
			buildSettings = {
				ASSETCATALOG_COMPILER_APPICON_NAME = AppIcon;
				CODE_SIGN_IDENTITY = "iPhone Developer";
				"CODE_SIGN_IDENTITY[sdk=iphoneos*]" = "iPhone Developer";
				INFOPLIST_FILE = WalkingDeadLocations/Info.plist;
				LD_RUNPATH_SEARCH_PATHS = "$(inherited) @executable_path/Frameworks";
				PRODUCT_BUNDLE_IDENTIFIER = com.mcs.WalkingDeadLocations;
				PRODUCT_NAME = "$(TARGET_NAME)";
				PROVISIONING_PROFILE = "";
			};
			name = Debug;
		};
		044F57121CAC7884005F2A4D /* Release */ = {
			isa = XCBuildConfiguration;
			buildSettings = {
				ASSETCATALOG_COMPILER_APPICON_NAME = AppIcon;
				CODE_SIGN_IDENTITY = "iPhone Developer";
				"CODE_SIGN_IDENTITY[sdk=iphoneos*]" = "iPhone Developer";
				INFOPLIST_FILE = WalkingDeadLocations/Info.plist;
				LD_RUNPATH_SEARCH_PATHS = "$(inherited) @executable_path/Frameworks";
				PRODUCT_BUNDLE_IDENTIFIER = com.mcs.WalkingDeadLocations;
				PRODUCT_NAME = "$(TARGET_NAME)";
				PROVISIONING_PROFILE = "";
			};
			name = Release;
		};
		044F57141CAC7884005F2A4D /* Debug */ = {
			isa = XCBuildConfiguration;
			buildSettings = {
				BUNDLE_LOADER = "$(TEST_HOST)";
				INFOPLIST_FILE = WalkingDeadLocationsTests/Info.plist;
				LD_RUNPATH_SEARCH_PATHS = "$(inherited) @executable_path/Frameworks @loader_path/Frameworks";
				PRODUCT_BUNDLE_IDENTIFIER = com.mcs.WalkingDeadLocationsTests;
				PRODUCT_NAME = "$(TARGET_NAME)";
				TEST_HOST = "$(BUILT_PRODUCTS_DIR)/WalkingDeadLocations.app/WalkingDeadLocations";
			};
			name = Debug;
		};
		044F57151CAC7884005F2A4D /* Release */ = {
			isa = XCBuildConfiguration;
			buildSettings = {
				BUNDLE_LOADER = "$(TEST_HOST)";
				INFOPLIST_FILE = WalkingDeadLocationsTests/Info.plist;
				LD_RUNPATH_SEARCH_PATHS = "$(inherited) @executable_path/Frameworks @loader_path/Frameworks";
				PRODUCT_BUNDLE_IDENTIFIER = com.mcs.WalkingDeadLocationsTests;
				PRODUCT_NAME = "$(TARGET_NAME)";
				TEST_HOST = "$(BUILT_PRODUCTS_DIR)/WalkingDeadLocations.app/WalkingDeadLocations";
			};
			name = Release;
		};
		044F57171CAC7884005F2A4D /* Debug */ = {
			isa = XCBuildConfiguration;
			buildSettings = {
				INFOPLIST_FILE = WalkingDeadLocationsUITests/Info.plist;
				LD_RUNPATH_SEARCH_PATHS = "$(inherited) @executable_path/Frameworks @loader_path/Frameworks";
				PRODUCT_BUNDLE_IDENTIFIER = com.mcs.WalkingDeadLocationsUITests;
				PRODUCT_NAME = "$(TARGET_NAME)";
				TEST_TARGET_NAME = WalkingDeadLocations;
			};
			name = Debug;
		};
		044F57181CAC7884005F2A4D /* Release */ = {
			isa = XCBuildConfiguration;
			buildSettings = {
				INFOPLIST_FILE = WalkingDeadLocationsUITests/Info.plist;
				LD_RUNPATH_SEARCH_PATHS = "$(inherited) @executable_path/Frameworks @loader_path/Frameworks";
				PRODUCT_BUNDLE_IDENTIFIER = com.mcs.WalkingDeadLocationsUITests;
				PRODUCT_NAME = "$(TARGET_NAME)";
				TEST_TARGET_NAME = WalkingDeadLocations;
			};
			name = Release;
		};
/* End XCBuildConfiguration section */

/* Begin XCConfigurationList section */
		044F56DB1CAC7883005F2A4D /* Build configuration list for PBXProject "WalkingDeadLocations" */ = {
			isa = XCConfigurationList;
			buildConfigurations = (
				044F570E1CAC7884005F2A4D /* Debug */,
				044F570F1CAC7884005F2A4D /* Release */,
			);
			defaultConfigurationIsVisible = 0;
			defaultConfigurationName = Release;
		};
		044F57101CAC7884005F2A4D /* Build configuration list for PBXNativeTarget "WalkingDeadLocations" */ = {
			isa = XCConfigurationList;
			buildConfigurations = (
				044F57111CAC7884005F2A4D /* Debug */,
				044F57121CAC7884005F2A4D /* Release */,
			);
			defaultConfigurationIsVisible = 0;
			defaultConfigurationName = Release;
		};
		044F57131CAC7884005F2A4D /* Build configuration list for PBXNativeTarget "WalkingDeadLocationsTests" */ = {
			isa = XCConfigurationList;
			buildConfigurations = (
				044F57141CAC7884005F2A4D /* Debug */,
				044F57151CAC7884005F2A4D /* Release */,
			);
			defaultConfigurationIsVisible = 0;
			defaultConfigurationName = Release;
		};
		044F57161CAC7884005F2A4D /* Build configuration list for PBXNativeTarget "WalkingDeadLocationsUITests" */ = {
			isa = XCConfigurationList;
			buildConfigurations = (
				044F57171CAC7884005F2A4D /* Debug */,
				044F57181CAC7884005F2A4D /* Release */,
			);
			defaultConfigurationIsVisible = 0;
			defaultConfigurationName = Release;
		};
/* End XCConfigurationList section */

/* Begin XCVersionGroup section */
		044F56EF1CAC7883005F2A4D /* WalkingDeadLocations.xcdatamodeld */ = {
			isa = XCVersionGroup;
			children = (
				044F56F01CAC7883005F2A4D /* WalkingDeadLocations.xcdatamodel */,
			);
			currentVersion = 044F56F01CAC7883005F2A4D /* WalkingDeadLocations.xcdatamodel */;
			path = WalkingDeadLocations.xcdatamodeld;
			sourceTree = "<group>";
			versionGroupType = wrapper.xcdatamodel;
		};
/* End XCVersionGroup section */
	};
	rootObject = 044F56D81CAC7883005F2A4D /* Project object */;
}
